
Microsoft Visual Studio Solution File, Format Version 12.00
# Visual Studio Version 17
VisualStudioVersion = 17.14.36623.8 d17.14
MinimumVisualStudioVersion = 10.0.40219.1
Project("{FAE04EC0-301F-11D3-BF4B-00C04F79EFBC}") = "7.1 Assignment", "7.1 Assignment\7.1 Assignment.csproj", "{47FA9990-7E80-4350-8801-8AD2CD4ED7C3}"
EndProject
Global
	GlobalSection(SolutionConfigurationPlatforms) = preSolution
		Debug|Any CPU = Debug|Any CPU
		Release|Any CPU = Release|Any CPU
	EndGlobalSection
	GlobalSection(ProjectConfigurationPlatforms) = postSolution
		{47FA9990-7E80-4350-8801-8AD2CD4ED7C3}.Debug|Any CPU.ActiveCfg = Debug|Any CPU
		{47FA9990-7E80-4350-8801-8AD2CD4ED7C3}.Debug|Any CPU.Build.0 = Debug|Any CPU
		{47FA9990-7E80-4350-8801-8AD2CD4ED7C3}.Release|Any CPU.ActiveCfg = Release|Any CPU
		{47FA9990-7E80-4350-8801-8AD2CD4ED7C3}.Release|Any CPU.Build.0 = Release|Any CPU
	EndGlobalSection
	GlobalSection(SolutionProperties) = preSolution
		HideSolutionNode = FALSE
	EndGlobalSection
	GlobalSection(ExtensibilityGlobals) = postSolution
		SolutionGuid = {AC6D0397-D3B1-485D-A8E2-782F58798B7D}
	EndGlobalSection
EndGlobal
